
Microsoft Visual Studio Solution File, Format Version 12.00
# Visual Studio Version 17
VisualStudioVersion = 17.0.31903.59
MinimumVisualStudioVersion = 10.0.40219.1
Project("{2150E333-8FDC-42A3-9474-1A3956D46DE8}") = "src", "src", "{3015A82B-3FFC-470B-AE62-0A170DF98351}"
EndProject
Project("{2150E333-8FDC-42A3-9474-1A3956D46DE8}") = "common", "common", "{6D6D9D41-ED12-4860-8BF5-3BA9D1CA0103}"
EndProject
Project("{FAE04EC0-301F-11D3-BF4B-00C04F79EFBC}") = "ChartFinder.Api", "src\backend\ChartFinder.Api\ChartFinder.Api.csproj", "{856319AB-D101-4EC9-9549-30F62FED9D0C}"
EndProject
Project("{2150E333-8FDC-42A3-9474-1A3956D46DE8}") = "tests", "tests", "{084B5500-6EA0-4262-ADA0-8518216E8BF6}"
EndProject
Project("{FAE04EC0-301F-11D3-BF4B-00C04F79EFBC}") = "ChartFinder.Api.UnitTests", "tests\backend\ChartFinder.Api.UnitTests\ChartFinder.Api.UnitTests.csproj", "{A5600CE1-AD06-4F00-BEEF-191CA860569E}"
EndProject
Project("{FAE04EC0-301F-11D3-BF4B-00C04F79EFBC}") = "ChartFinder.Api.IntegrationTests", "tests\backend\ChartFinder.Api.IntegrationTests\ChartFinder.Api.IntegrationTests.csproj", "{4C665867-BECC-40EC-BE97-9AC587EDF43B}"
EndProject
Project("{FAE04EC0-301F-11D3-BF4B-00C04F79EFBC}") = "ChartFinder.Infrastructure.FileSystem", "src\backend\ChartFinder.Infrastructure.FileSystem\ChartFinder.Infrastructure.FileSystem.csproj", "{9A6E8643-24A2-468A-BE1A-75DE5A327095}"
EndProject
Project("{2150E333-8FDC-42A3-9474-1A3956D46DE8}") = "backend", "backend", "{B28982D4-62A9-4C9D-A8D2-3778B5F3CE54}"
EndProject
Project("{FAE04EC0-301F-11D3-BF4B-00C04F79EFBC}") = "ChartFinder.Infrastructure.Aws", "src\backend\ChartFinder.Infrastructure.Aws\ChartFinder.Infrastructure.Aws.csproj", "{35897C89-AE21-4DDA-AA32-FF64C4DAC868}"
EndProject
Project("{FAE04EC0-301F-11D3-BF4B-00C04F79EFBC}") = "ChartFinder.Domain", "src\backend\ChartFinder.Domain\ChartFinder.Domain.csproj", "{BC98B4D3-A415-4292-80C1-C8B240AD6A37}"
EndProject
Project("{FAE04EC0-301F-11D3-BF4B-00C04F79EFBC}") = "ChartFinder.Common", "src\common\ChartFinder.Common\ChartFinder.Common.csproj", "{1E05C28A-7F86-4F0A-8D81-6FE7A0E9E65A}"
EndProject
Global
	GlobalSection(SolutionConfigurationPlatforms) = preSolution
		Debug|Any CPU = Debug|Any CPU
		Release|Any CPU = Release|Any CPU
	EndGlobalSection
	GlobalSection(SolutionProperties) = preSolution
		HideSolutionNode = FALSE
	EndGlobalSection
	GlobalSection(ProjectConfigurationPlatforms) = postSolution
		{856319AB-D101-4EC9-9549-30F62FED9D0C}.Debug|Any CPU.ActiveCfg = Debug|Any CPU
		{856319AB-D101-4EC9-9549-30F62FED9D0C}.Debug|Any CPU.Build.0 = Debug|Any CPU
		{856319AB-D101-4EC9-9549-30F62FED9D0C}.Release|Any CPU.ActiveCfg = Release|Any CPU
		{856319AB-D101-4EC9-9549-30F62FED9D0C}.Release|Any CPU.Build.0 = Release|Any CPU
		{A5600CE1-AD06-4F00-BEEF-191CA860569E}.Debug|Any CPU.ActiveCfg = Debug|Any CPU
		{A5600CE1-AD06-4F00-BEEF-191CA860569E}.Debug|Any CPU.Build.0 = Debug|Any CPU
		{A5600CE1-AD06-4F00-BEEF-191CA860569E}.Release|Any CPU.ActiveCfg = Release|Any CPU
		{A5600CE1-AD06-4F00-BEEF-191CA860569E}.Release|Any CPU.Build.0 = Release|Any CPU
		{4C665867-BECC-40EC-BE97-9AC587EDF43B}.Debug|Any CPU.ActiveCfg = Debug|Any CPU
		{4C665867-BECC-40EC-BE97-9AC587EDF43B}.Debug|Any CPU.Build.0 = Debug|Any CPU
		{4C665867-BECC-40EC-BE97-9AC587EDF43B}.Release|Any CPU.ActiveCfg = Release|Any CPU
		{4C665867-BECC-40EC-BE97-9AC587EDF43B}.Release|Any CPU.Build.0 = Release|Any CPU
		{9A6E8643-24A2-468A-BE1A-75DE5A327095}.Debug|Any CPU.ActiveCfg = Debug|Any CPU
		{9A6E8643-24A2-468A-BE1A-75DE5A327095}.Debug|Any CPU.Build.0 = Debug|Any CPU
		{9A6E8643-24A2-468A-BE1A-75DE5A327095}.Release|Any CPU.ActiveCfg = Release|Any CPU
		{9A6E8643-24A2-468A-BE1A-75DE5A327095}.Release|Any CPU.Build.0 = Release|Any CPU
		{35897C89-AE21-4DDA-AA32-FF64C4DAC868}.Debug|Any CPU.ActiveCfg = Debug|Any CPU
		{35897C89-AE21-4DDA-AA32-FF64C4DAC868}.Debug|Any CPU.Build.0 = Debug|Any CPU
		{35897C89-AE21-4DDA-AA32-FF64C4DAC868}.Release|Any CPU.ActiveCfg = Release|Any CPU
		{35897C89-AE21-4DDA-AA32-FF64C4DAC868}.Release|Any CPU.Build.0 = Release|Any CPU
		{BC98B4D3-A415-4292-80C1-C8B240AD6A37}.Debug|Any CPU.ActiveCfg = Debug|Any CPU
		{BC98B4D3-A415-4292-80C1-C8B240AD6A37}.Debug|Any CPU.Build.0 = Debug|Any CPU
		{BC98B4D3-A415-4292-80C1-C8B240AD6A37}.Release|Any CPU.ActiveCfg = Release|Any CPU
		{BC98B4D3-A415-4292-80C1-C8B240AD6A37}.Release|Any CPU.Build.0 = Release|Any CPU
		{1E05C28A-7F86-4F0A-8D81-6FE7A0E9E65A}.Debug|Any CPU.ActiveCfg = Debug|Any CPU
		{1E05C28A-7F86-4F0A-8D81-6FE7A0E9E65A}.Debug|Any CPU.Build.0 = Debug|Any CPU
		{1E05C28A-7F86-4F0A-8D81-6FE7A0E9E65A}.Release|Any CPU.ActiveCfg = Release|Any CPU
		{1E05C28A-7F86-4F0A-8D81-6FE7A0E9E65A}.Release|Any CPU.Build.0 = Release|Any CPU
	EndGlobalSection
	GlobalSection(NestedProjects) = preSolution
		{856319AB-D101-4EC9-9549-30F62FED9D0C} = {B28982D4-62A9-4C9D-A8D2-3778B5F3CE54}
		{A5600CE1-AD06-4F00-BEEF-191CA860569E} = {084B5500-6EA0-4262-ADA0-8518216E8BF6}
		{4C665867-BECC-40EC-BE97-9AC587EDF43B} = {084B5500-6EA0-4262-ADA0-8518216E8BF6}
		{9A6E8643-24A2-468A-BE1A-75DE5A327095} = {B28982D4-62A9-4C9D-A8D2-3778B5F3CE54}
		{B28982D4-62A9-4C9D-A8D2-3778B5F3CE54} = {3015A82B-3FFC-470B-AE62-0A170DF98351}
		{35897C89-AE21-4DDA-AA32-FF64C4DAC868} = {B28982D4-62A9-4C9D-A8D2-3778B5F3CE54}
		{BC98B4D3-A415-4292-80C1-C8B240AD6A37} = {B28982D4-62A9-4C9D-A8D2-3778B5F3CE54}
		{6D6D9D41-ED12-4860-8BF5-3BA9D1CA0103} = {3015A82B-3FFC-470B-AE62-0A170DF98351}
		{1E05C28A-7F86-4F0A-8D81-6FE7A0E9E65A} = {6D6D9D41-ED12-4860-8BF5-3BA9D1CA0103}
	EndGlobalSection
EndGlobal
